
Microsoft Visual Studio Solution File, Format Version 12.00
# Visual Studio Version 16
VisualStudioVersion = 16.0.31205.134
MinimumVisualStudioVersion = 10.0.40219.1
Project("{FAE04EC0-301F-11D3-BF4B-00C04F79EFBC}") = "PROG_ICE_TASK_4", "PROG_ICE_TASK_4\PROG_ICE_TASK_4.csproj", "{F9020B32-AB06-485D-BAE6-ECAA7F65C31E}"
EndProject
Global
	GlobalSection(SolutionConfigurationPlatforms) = preSolution
		Debug|Any CPU = Debug|Any CPU
		Release|Any CPU = Release|Any CPU
	EndGlobalSection
	GlobalSection(ProjectConfigurationPlatforms) = postSolution
		{F9020B32-AB06-485D-BAE6-ECAA7F65C31E}.Debug|Any CPU.ActiveCfg = Debug|Any CPU
		{F9020B32-AB06-485D-BAE6-ECAA7F65C31E}.Debug|Any CPU.Build.0 = Debug|Any CPU
		{F9020B32-AB06-485D-BAE6-ECAA7F65C31E}.Release|Any CPU.ActiveCfg = Release|Any CPU
		{F9020B32-AB06-485D-BAE6-ECAA7F65C31E}.Release|Any CPU.Build.0 = Release|Any CPU
	EndGlobalSection
	GlobalSection(SolutionProperties) = preSolution
		HideSolutionNode = FALSE
	EndGlobalSection
	GlobalSection(ExtensibilityGlobals) = postSolution
		SolutionGuid = {CEE6DA73-DCC4-4F9E-BEF5-C1E9A0E58848}
	EndGlobalSection
EndGlobal
